{
  "projects": [
    {
      "projectId": "p4LaNHsjacaypvn2fBdVp1",
      "version": "latest",
      "dependencies": {},
      "lang": "ts",
      "fileLocks": [
        {
          "type": "globalVariant",
          "assetId": "8_4TpjeQmcocO",
          "checksum": "4f7c38fb1b87736dbd6397d7720c4cbc"
        },
        {
          "type": "renderModule",
          "assetId": "SRL_deXEpapHr",
          "checksum": "3e1389822f673726f2477bab624fce45"
        },
        {
          "type": "cssRules",
          "assetId": "SRL_deXEpapHr",
          "checksum": "3e1389822f673726f2477bab624fce45"
        },
        {
          "type": "renderModule",
          "assetId": "JUigd8V3ygI",
          "checksum": "0f551091dd36a94546b96964eeb655e8"
        },
        {
          "type": "cssRules",
          "assetId": "JUigd8V3ygI",
          "checksum": "0f551091dd36a94546b96964eeb655e8"
        },
        {
          "type": "renderModule",
          "assetId": "a1_SE8wfWDQ",
          "checksum": "4d1deff78386ee6d7bc6654ebef03afa"
        },
        {
          "type": "cssRules",
          "assetId": "a1_SE8wfWDQ",
          "checksum": "4d1deff78386ee6d7bc6654ebef03afa"
        },
        {
          "type": "renderModule",
          "assetId": "W-4lJh8DJRw",
          "checksum": "226f79e98b48384a32fd4bdd652e723d"
        },
        {
          "type": "cssRules",
          "assetId": "W-4lJh8DJRw",
          "checksum": "226f79e98b48384a32fd4bdd652e723d"
        },
        {
          "type": "renderModule",
          "assetId": "T0fwWsOABjK",
          "checksum": "6856737eae8c15f80e22df3dc9d48716"
        },
        {
          "type": "cssRules",
          "assetId": "T0fwWsOABjK",
          "checksum": "6856737eae8c15f80e22df3dc9d48716"
        },
        {
          "type": "icon",
          "assetId": "a6P6rGXfRam2Qq",
          "checksum": "cca3de7e10d8fa57597c5f70d9cdc43f"
        },
        {
          "type": "icon",
          "assetId": "8Kq5biUcOP2KT1",
          "checksum": "e00ee45110d02613f20c3867fa558c24"
        },
        {
          "type": "icon",
          "assetId": "3u65MiDiQuQ",
          "checksum": "f0f47bfdec6a913ed5bc42304385e16d"
        },
        {
          "type": "icon",
          "assetId": "ZIxuNCmCETD",
          "checksum": "9dc4dc6ad5eea8692b466616d8c2febb"
        },
        {
          "type": "icon",
          "assetId": "6GRbdHEHGQC",
          "checksum": "54f65f4ef02dd41bd61ca2209adba2d7"
        },
        {
          "type": "icon",
          "assetId": "7GBqP4yc8GG",
          "checksum": "2366dcc0ffc9787a129c6ff9d2694706"
        },
        {
          "type": "icon",
          "assetId": "xNSgQQVONs",
          "checksum": "594be0ce535db57ddbe51da76873a95c"
        },
        {
          "type": "icon",
          "assetId": "R0S2wicba9",
          "checksum": "16604d0e0d097aa807395383fb8b7aed"
        },
        {
          "type": "icon",
          "assetId": "bS4_04WE0n",
          "checksum": "fdbd6e63f52d89e0e13dcdffcf565309"
        },
        {
          "type": "icon",
          "assetId": "CLNhNHAXHb",
          "checksum": "16b2ed2a2d3102b0834339221e9fb858"
        },
        {
          "type": "image",
          "assetId": "eD1c1Eyb0",
          "checksum": "fb561468c2014b3817851000c54ddb37"
        },
        {
          "type": "renderModule",
          "assetId": "WhXOwNbmQut",
          "checksum": "d69fc201bd87e10b8ee28531f6374aed"
        },
        {
          "type": "cssRules",
          "assetId": "WhXOwNbmQut",
          "checksum": "d69fc201bd87e10b8ee28531f6374aed"
        },
        {
          "assetId": "p4LaNHsjacaypvn2fBdVp1",
          "type": "projectCss",
          "checksum": "d20289e5ea2849fe137a3d1b6dd4fb33"
        }
      ],
      "codegenVersion": "0.0.1"
    }
  ],
  "cliVersion": "0.1.212"
}
